
Microsoft Visual Studio Solution File, Format Version 12.00
# Visual Studio 2013
VisualStudioVersion = 12.0.40629.0
MinimumVisualStudioVersion = 10.0.40219.1
Project("{FAE04EC0-301F-11D3-BF4B-00C04F79EFBC}") = "QuestionareEntityFramework", "QuestionareEntityFramework\QuestionareEntityFramework.csproj", "{D872D69D-FED2-413F-AFE6-1F78A7CF283D}"
EndProject
Project("{FAE04EC0-301F-11D3-BF4B-00C04F79EFBC}") = "QuestionareTest", "QuestionareTest\QuestionareTest.csproj", "{47FC8E68-57AE-4FD7-A1AF-2B754B445299}"
EndProject
Project("{FAE04EC0-301F-11D3-BF4B-00C04F79EFBC}") = "MainProject", "MainProject\MainProject.csproj", "{14C8B1FB-0DBF-4FD4-9469-21DDF373CB6B}"
EndProject
Global
	GlobalSection(SolutionConfigurationPlatforms) = preSolution
		Debug|Any CPU = Debug|Any CPU
		Release|Any CPU = Release|Any CPU
	EndGlobalSection
	GlobalSection(ProjectConfigurationPlatforms) = postSolution
		{D872D69D-FED2-413F-AFE6-1F78A7CF283D}.Debug|Any CPU.ActiveCfg = Debug|Any CPU
		{D872D69D-FED2-413F-AFE6-1F78A7CF283D}.Debug|Any CPU.Build.0 = Debug|Any CPU
		{D872D69D-FED2-413F-AFE6-1F78A7CF283D}.Release|Any CPU.ActiveCfg = Release|Any CPU
		{D872D69D-FED2-413F-AFE6-1F78A7CF283D}.Release|Any CPU.Build.0 = Release|Any CPU
		{47FC8E68-57AE-4FD7-A1AF-2B754B445299}.Debug|Any CPU.ActiveCfg = Debug|Any CPU
		{47FC8E68-57AE-4FD7-A1AF-2B754B445299}.Debug|Any CPU.Build.0 = Debug|Any CPU
		{47FC8E68-57AE-4FD7-A1AF-2B754B445299}.Release|Any CPU.ActiveCfg = Release|Any CPU
		{47FC8E68-57AE-4FD7-A1AF-2B754B445299}.Release|Any CPU.Build.0 = Release|Any CPU
		{14C8B1FB-0DBF-4FD4-9469-21DDF373CB6B}.Debug|Any CPU.ActiveCfg = Debug|Any CPU
		{14C8B1FB-0DBF-4FD4-9469-21DDF373CB6B}.Debug|Any CPU.Build.0 = Debug|Any CPU
		{14C8B1FB-0DBF-4FD4-9469-21DDF373CB6B}.Release|Any CPU.ActiveCfg = Release|Any CPU
		{14C8B1FB-0DBF-4FD4-9469-21DDF373CB6B}.Release|Any CPU.Build.0 = Release|Any CPU
	EndGlobalSection
	GlobalSection(SolutionProperties) = preSolution
		HideSolutionNode = FALSE
	EndGlobalSection
EndGlobal
